{
  "name": "elasql",
  "version": "1.0.2",
  "lockfileVersion": 1,
  "requires": true,
  "dependencies": {
    "node-sqlparser": {
      "version": "1.0.2",
      "resolved": "https://registry.npmjs.org/node-sqlparser/-/node-sqlparser-1.0.2.tgz",
      "integrity": "sha1-DrcMm1Sd5tPeFqWQStMSN/B/9VI="
    }
  }
}
